
Microsoft Visual Studio Solution File, Format Version 12.00
# Visual Studio Version 17
VisualStudioVersion = 17.10.35122.118
MinimumVisualStudioVersion = 10.0.40219.1
Project("{FAE04EC0-301F-11D3-BF4B-00C04F79EFBC}") = "WebApplication1", "WebApplication1\WebApplication1.csproj", "{12A1D82E-5441-409E-A79F-7223F863F8F4}"
EndProject
Project("{FAE04EC0-301F-11D3-BF4B-00C04F79EFBC}") = "DataManager", "DataManager\DataManager.csproj", "{FCB5F6AB-0711-46FD-891F-BFE6E5E11D7B}"
EndProject
Project("{FAE04EC0-301F-11D3-BF4B-00C04F79EFBC}") = "AdminReminder", "AdminReminder\AdminReminder.csproj", "{3E0D4BEB-CC0F-4D26-98C4-D2F208771323}"
EndProject
Global
	GlobalSection(SolutionConfigurationPlatforms) = preSolution
		Debug|Any CPU = Debug|Any CPU
		Release|Any CPU = Release|Any CPU
	EndGlobalSection
	GlobalSection(ProjectConfigurationPlatforms) = postSolution
		{12A1D82E-5441-409E-A79F-7223F863F8F4}.Debug|Any CPU.ActiveCfg = Debug|Any CPU
		{12A1D82E-5441-409E-A79F-7223F863F8F4}.Debug|Any CPU.Build.0 = Debug|Any CPU
		{12A1D82E-5441-409E-A79F-7223F863F8F4}.Release|Any CPU.ActiveCfg = Release|Any CPU
		{12A1D82E-5441-409E-A79F-7223F863F8F4}.Release|Any CPU.Build.0 = Release|Any CPU
		{FCB5F6AB-0711-46FD-891F-BFE6E5E11D7B}.Debug|Any CPU.ActiveCfg = Debug|Any CPU
		{FCB5F6AB-0711-46FD-891F-BFE6E5E11D7B}.Debug|Any CPU.Build.0 = Debug|Any CPU
		{FCB5F6AB-0711-46FD-891F-BFE6E5E11D7B}.Release|Any CPU.ActiveCfg = Release|Any CPU
		{FCB5F6AB-0711-46FD-891F-BFE6E5E11D7B}.Release|Any CPU.Build.0 = Release|Any CPU
		{3E0D4BEB-CC0F-4D26-98C4-D2F208771323}.Debug|Any CPU.ActiveCfg = Debug|Any CPU
		{3E0D4BEB-CC0F-4D26-98C4-D2F208771323}.Debug|Any CPU.Build.0 = Debug|Any CPU
		{3E0D4BEB-CC0F-4D26-98C4-D2F208771323}.Release|Any CPU.ActiveCfg = Release|Any CPU
		{3E0D4BEB-CC0F-4D26-98C4-D2F208771323}.Release|Any CPU.Build.0 = Release|Any CPU
	EndGlobalSection
	GlobalSection(SolutionProperties) = preSolution
		HideSolutionNode = FALSE
	EndGlobalSection
	GlobalSection(ExtensibilityGlobals) = postSolution
		SolutionGuid = {573EE4E4-B367-4001-B3E6-64064C501590}
	EndGlobalSection
EndGlobal
